PODS:
  - Nimble (8.0.7)
  - SnapKit (4.2.0)

DEPENDENCIES:
  - Nimble
  - SnapKit

SPEC REPOS:
  trunk:
    - Nimble
    - SnapKit

SPEC CHECKSUMS:
  Nimble: a73af6ecd4c9106f434f3d55fc54570be3739e0b
  SnapKit: fe8a619752f3f27075cc9a90244d75c6c3f27e2a

PODFILE CHECKSUM: 7f348c922177ee6202aa42893009fd2aa207b231

COCOAPODS: 1.9.1
